
Microsoft Visual Studio Solution File, Format Version 12.00
# Visual Studio 15
VisualStudioVersion = 15.0.28307.271
MinimumVisualStudioVersion = 10.0.40219.1
Project("{FAE04EC0-301F-11D3-BF4B-00C04F79EFBC}") = "PoliticalViews", "PoliticalViews\PoliticalViews.csproj", "{0861A22C-7710-49B7-B1A1-34200F7EDF53}"
EndProject
Global
	GlobalSection(SolutionConfigurationPlatforms) = preSolution
		Debug|Any CPU = Debug|Any CPU
		Release|Any CPU = Release|Any CPU
	EndGlobalSection
	GlobalSection(ProjectConfigurationPlatforms) = postSolution
		{0861A22C-7710-49B7-B1A1-34200F7EDF53}.Debug|Any CPU.ActiveCfg = Debug|Any CPU
		{0861A22C-7710-49B7-B1A1-34200F7EDF53}.Debug|Any CPU.Build.0 = Debug|Any CPU
		{0861A22C-7710-49B7-B1A1-34200F7EDF53}.Release|Any CPU.ActiveCfg = Release|Any CPU
		{0861A22C-7710-49B7-B1A1-34200F7EDF53}.Release|Any CPU.Build.0 = Release|Any CPU
	EndGlobalSection
	GlobalSection(SolutionProperties) = preSolution
		HideSolutionNode = FALSE
	EndGlobalSection
	GlobalSection(ExtensibilityGlobals) = postSolution
		SolutionGuid = {CBC9E4B7-A0F6-44F8-9BB0-0995DE741A30}
	EndGlobalSection
EndGlobal
